
Microsoft Visual Studio Solution File, Format Version 12.00
# Visual Studio Version 16
VisualStudioVersion = 16.0.31321.278
MinimumVisualStudioVersion = 10.0.40219.1
Project("{FAE04EC0-301F-11D3-BF4B-00C04F79EFBC}") = "BrziPrsti", "BrziPrsti\BrziPrsti.csproj", "{DD807CD8-2576-4AE7-82F1-022C3C633337}"
EndProject
Global
	GlobalSection(SolutionConfigurationPlatforms) = preSolution
		Debug|Any CPU = Debug|Any CPU
		Release|Any CPU = Release|Any CPU
	EndGlobalSection
	GlobalSection(ProjectConfigurationPlatforms) = postSolution
		{DD807CD8-2576-4AE7-82F1-022C3C633337}.Debug|Any CPU.ActiveCfg = Debug|Any CPU
		{DD807CD8-2576-4AE7-82F1-022C3C633337}.Debug|Any CPU.Build.0 = Debug|Any CPU
		{DD807CD8-2576-4AE7-82F1-022C3C633337}.Release|Any CPU.ActiveCfg = Release|Any CPU
		{DD807CD8-2576-4AE7-82F1-022C3C633337}.Release|Any CPU.Build.0 = Release|Any CPU
	EndGlobalSection
	GlobalSection(SolutionProperties) = preSolution
		HideSolutionNode = FALSE
	EndGlobalSection
	GlobalSection(ExtensibilityGlobals) = postSolution
		SolutionGuid = {7E202A73-85CA-4C33-9F1C-3702808BD392}
	EndGlobalSection
EndGlobal
